{
  "version": 4,
  "terraform_version": "1.12.0",
  "serial": 9,
  "lineage": "7bd22ed3-6d1b-ace0-5918-885b5e857348",
  "outputs": {
    "backend_ecr_repository_uri": {
      "value": "284133227917.dkr.ecr.eu-central-1.amazonaws.com/streaming-explorer-backend-repo",
      "type": "string"
    },
    "codebuild_project_arn": {
      "value": "arn:aws:codebuild:eu-central-1:284133227917:project/StreamingExplorer-project",
      "type": "string"
    },
    "codebuild_project_name": {
      "value": "StreamingExplorer-project",
      "type": "string"
    },
    "frontend_ecr_repository_uri": {
      "value": "284133227917.dkr.ecr.eu-central-1.amazonaws.com/streaming-explorer-frontend-repo",
      "type": "string"
    }
  },
  "resources": [
    {
      "mode": "data",
      "type": "aws_caller_identity",
      "name": "current",
      "provider": "provider[\"registry.terraform.io/hashicorp/aws\"]",
      "instances": [
        {
          "schema_version": 0,
          "attributes": {
            "account_id": "284133227917",
            "arn": "arn:aws:iam::284133227917:user/omarDev",
            "id": "284133227917",
            "user_id": "AIDAUEJ5I7WG4ZUIQEOST"
          },
          "sensitive_attributes": [],
          "identity_schema_version": 0
        }
      ]
    },
    {
      "mode": "managed",
      "type": "aws_cloudwatch_log_group",
      "name": "codebuild_logs",
      "provider": "provider[\"registry.terraform.io/hashicorp/aws\"]",
      "instances": [
        {
          "schema_version": 0,
          "attributes": {
            "arn": "arn:aws:logs:eu-central-1:284133227917:log-group:/aws/codebuild/StreamingExplorer-project",
            "id": "/aws/codebuild/StreamingExplorer-project",
            "kms_key_id": "",
            "log_group_class": "STANDARD",
            "name": "/aws/codebuild/StreamingExplorer-project",
            "name_prefix": "",
            "retention_in_days": 0,
            "skip_destroy": false,
            "tags": {},
            "tags_all": {}
          },
          "sensitive_attributes": [],
          "identity_schema_version": 0,
          "private": "bnVsbA=="
        }
      ]
    },
    {
      "mode": "managed",
      "type": "aws_codebuild_project",
      "name": "app_codebuild_project",
      "provider": "provider[\"registry.terraform.io/hashicorp/aws\"]",
      "instances": [
        {
          "schema_version": 0,
          "attributes": {
            "arn": "arn:aws:codebuild:eu-central-1:284133227917:project/StreamingExplorer-project",
            "artifacts": [
              {
                "artifact_identifier": "",
                "bucket_owner_access": "",
                "encryption_disabled": false,
                "location": "",
                "name": "",
                "namespace_type": "",
                "override_artifact_name": false,
                "packaging": "",
                "path": "",
                "type": "NO_ARTIFACTS"
              }
            ],
            "badge_enabled": false,
            "badge_url": "",
            "build_batch_config": [],
            "build_timeout": 15,
            "cache": [
              {
                "location": "",
                "modes": [],
                "type": "NO_CACHE"
              }
            ],
            "concurrent_build_limit": 0,
            "description": "CodeBuild project to build and push Docker image to ECR",
            "encryption_key": "arn:aws:kms:eu-central-1:284133227917:alias/aws/s3",
            "environment": [
              {
                "certificate": "",
                "compute_type": "BUILD_GENERAL1_SMALL",
                "environment_variable": [
                  {
                    "name": "AWS_ACCOUNT_ID",
                    "type": "PLAINTEXT",
                    "value": "284133227917"
                  },
                  {
                    "name": "AWS_DEFAULT_REGION",
                    "type": "PLAINTEXT",
                    "value": "eu-central-1"
                  },
                  {
                    "name": "BACKEND_ECR_REPOSITORY_URI",
                    "type": "PLAINTEXT",
                    "value": "284133227917.dkr.ecr.eu-central-1.amazonaws.com/streaming-explorer-backend-repo"
                  },
                  {
                    "name": "FRONTEND_ECR_REPOSITORY_URI",
                    "type": "PLAINTEXT",
                    "value": "284133227917.dkr.ecr.eu-central-1.amazonaws.com/streaming-explorer-frontend-repo"
                  },
                  {
                    "name": "IMAGE_TAG",
                    "type": "PLAINTEXT",
                    "value": "latest"
                  }
                ],
                "image": "aws/codebuild/standard:5.0",
                "image_pull_credentials_type": "CODEBUILD",
                "privileged_mode": true,
                "registry_credential": [],
                "type": "LINUX_CONTAINER"
              }
            ],
            "file_system_locations": [],
            "id": "arn:aws:codebuild:eu-central-1:284133227917:project/StreamingExplorer-project",
            "logs_config": [
              {
                "cloudwatch_logs": [
                  {
                    "group_name": "/aws/codebuild/StreamingExplorer",
                    "status": "ENABLED",
                    "stream_name": "build-log-stream"
                  }
                ],
                "s3_logs": [
                  {
                    "bucket_owner_access": "",
                    "encryption_disabled": false,
                    "location": "",
                    "status": "DISABLED"
                  }
                ]
              }
            ],
            "name": "StreamingExplorer-project",
            "project_visibility": "PRIVATE",
            "public_project_alias": "",
            "queued_timeout": 480,
            "resource_access_role": "",
            "secondary_artifacts": [],
            "secondary_source_version": [],
            "secondary_sources": [],
            "service_role": "arn:aws:iam::284133227917:role/StreamingExplorer-codebuild-role",
            "source": [
              {
                "build_status_config": [],
                "buildspec": "",
                "git_clone_depth": 1,
                "git_submodules_config": [],
                "insecure_ssl": false,
                "location": "https://github.com/OmarHexa/Streaming_explorer.git",
                "report_build_status": false,
                "type": "GITHUB"
              }
            ],
            "source_version": "",
            "tags": {
              "Environment": "Dev",
              "Name": "StreamingExplorer-codebuild-project"
            },
            "tags_all": {
              "Environment": "Dev",
              "Name": "StreamingExplorer-codebuild-project"
            },
            "vpc_config": []
          },
          "sensitive_attributes": [],
          "identity_schema_version": 0,
          "private": "bnVsbA==",
          "dependencies": [
            "aws_ecr_repository.backend_ecr_repo",
            "aws_ecr_repository.frontend_ecr_repo",
            "aws_iam_role.codebuild_role",
            "data.aws_caller_identity.current"
          ]
        }
      ]
    },
    {
      "mode": "managed",
      "type": "aws_ecr_repository",
      "name": "backend_ecr_repo",
      "provider": "provider[\"registry.terraform.io/hashicorp/aws\"]",
      "instances": [
        {
          "schema_version": 0,
          "attributes": {
            "arn": "arn:aws:ecr:eu-central-1:284133227917:repository/streaming-explorer-backend-repo",
            "encryption_configuration": [
              {
                "encryption_type": "AES256",
                "kms_key": ""
              }
            ],
            "force_delete": null,
            "id": "streaming-explorer-backend-repo",
            "image_scanning_configuration": [
              {
                "scan_on_push": true
              }
            ],
            "image_tag_mutability": "MUTABLE",
            "name": "streaming-explorer-backend-repo",
            "registry_id": "284133227917",
            "repository_url": "284133227917.dkr.ecr.eu-central-1.amazonaws.com/streaming-explorer-backend-repo",
            "tags": {
              "Environment": "Dev",
              "Name": "StreamingExplorer-backend-ecr-repo"
            },
            "tags_all": {
              "Environment": "Dev",
              "Name": "StreamingExplorer-backend-ecr-repo"
            },
            "timeouts": null
          },
          "sensitive_attributes": [],
          "identity_schema_version": 0,
          "private": "eyJlMmJmYjczMC1lY2FhLTExZTYtOGY4OC0zNDM2M2JjN2M0YzAiOnsiZGVsZXRlIjoxMjAwMDAwMDAwMDAwfX0="
        }
      ]
    },
    {
      "mode": "managed",
      "type": "aws_ecr_repository",
      "name": "frontend_ecr_repo",
      "provider": "provider[\"registry.terraform.io/hashicorp/aws\"]",
      "instances": [
        {
          "schema_version": 0,
          "attributes": {
            "arn": "arn:aws:ecr:eu-central-1:284133227917:repository/streaming-explorer-frontend-repo",
            "encryption_configuration": [
              {
                "encryption_type": "AES256",
                "kms_key": ""
              }
            ],
            "force_delete": null,
            "id": "streaming-explorer-frontend-repo",
            "image_scanning_configuration": [
              {
                "scan_on_push": true
              }
            ],
            "image_tag_mutability": "MUTABLE",
            "name": "streaming-explorer-frontend-repo",
            "registry_id": "284133227917",
            "repository_url": "284133227917.dkr.ecr.eu-central-1.amazonaws.com/streaming-explorer-frontend-repo",
            "tags": {
              "Environment": "Dev",
              "Name": "StreamingExplorer-frontend-ecr-repo"
            },
            "tags_all": {
              "Environment": "Dev",
              "Name": "StreamingExplorer-frontend-ecr-repo"
            },
            "timeouts": null
          },
          "sensitive_attributes": [],
          "identity_schema_version": 0,
          "private": "eyJlMmJmYjczMC1lY2FhLTExZTYtOGY4OC0zNDM2M2JjN2M0YzAiOnsiZGVsZXRlIjoxMjAwMDAwMDAwMDAwfX0="
        }
      ]
    },
    {
      "mode": "managed",
      "type": "aws_iam_role",
      "name": "codebuild_role",
      "provider": "provider[\"registry.terraform.io/hashicorp/aws\"]",
      "instances": [
        {
          "schema_version": 0,
          "attributes": {
            "arn": "arn:aws:iam::284133227917:role/StreamingExplorer-codebuild-role",
            "assume_role_policy": "{\"Statement\":[{\"Action\":\"sts:AssumeRole\",\"Effect\":\"Allow\",\"Principal\":{\"Service\":\"codebuild.amazonaws.com\"}}],\"Version\":\"2012-10-17\"}",
            "create_date": "2025-05-23T16:09:35Z",
            "description": "",
            "force_detach_policies": false,
            "id": "StreamingExplorer-codebuild-role",
            "inline_policy": [
              {
                "name": "StreamingExplorer-inline-policy",
                "policy": "{\"Version\":\"2012-10-17\",\"Statement\":[{\"Action\":[\"logs:CreateLogGroup\",\"logs:CreateLogStream\",\"logs:PutLogEvents\"],\"Effect\":\"Allow\",\"Resource\":[\"arn:aws:logs:eu-central-1:284133227917:log-group:/aws/codebuild/StreamingExplorer\",\"arn:aws:logs:eu-central-1:284133227917:log-group:/aws/codebuild/StreamingExplorer:*\"]},{\"Action\":[\"ecr:GetAuthorizationToken\",\"ecr:BatchCheckLayerAvailability\",\"ecr:CompleteLayerUpload\",\"ecr:InitiateLayerUpload\",\"ecr:PutImage\",\"ecr:UploadLayerPart\"],\"Effect\":\"Allow\",\"Resource\":[\"arn:aws:ecr:eu-central-1:284133227917:repository/streaming-explorer-backend-repo\",\"arn:aws:ecr:eu-central-1:284133227917:repository/streaming-explorer-frontend-repo\"]},{\"Action\":[\"s3:PutObject\",\"s3:GetObject\",\"s3:GetObjectVersion\",\"s3:GetBucketAcl\",\"s3:GetBucketLocation\"],\"Effect\":\"Allow\",\"Resource\":\"arn:aws:s3:::codepipeline-eu-central-1-*\"},{\"Action\":[\"codebuild:CreateReportGroup\",\"codebuild:CreateReport\",\"codebuild:UpdateReport\",\"codebuild:BatchPutTestCases\",\"codebuild:BatchPutCodeCoverages\"],\"Effect\":\"Allow\",\"Resource\":\"arn:aws:codebuild:eu-central-1:284133227917:report-group/StreamingExplorer-*\"},{\"Action\":\"secretsmanager:GetSecretValue\",\"Effect\":\"Allow\",\"Resource\":\"arn:aws:secretsmanager:eu-central-1:284133227917:secret:github_token-*\",\"Sid\":\"SecretsManagerAccess\"},{\"Action\":[\"codestar:*\",\"codestar-connections:*\"],\"Effect\":\"Allow\",\"Resource\":\"*\",\"Sid\":\"GitHubAccess\"}]}"
              }
            ],
            "managed_policy_arns": [],
            "max_session_duration": 3600,
            "name": "StreamingExplorer-codebuild-role",
            "name_prefix": "",
            "path": "/",
            "permissions_boundary": "",
            "tags": {
              "Environment": "Dev",
              "Name": "StreamingExplorer-codebuild-role"
            },
            "tags_all": {
              "Environment": "Dev",
              "Name": "StreamingExplorer-codebuild-role"
            },
            "unique_id": "AROAUEJ5I7WG3U4SL5CQA"
          },
          "sensitive_attributes": [],
          "identity_schema_version": 0,
          "private": "bnVsbA=="
        }
      ]
    },
    {
      "mode": "managed",
      "type": "aws_iam_role_policy",
      "name": "codebuild_policy",
      "provider": "provider[\"registry.terraform.io/hashicorp/aws\"]",
      "instances": [
        {
          "schema_version": 0,
          "attributes": {
            "id": "StreamingExplorer-codebuild-role:StreamingExplorer-inline-policy",
            "name": "StreamingExplorer-inline-policy",
            "name_prefix": "",
            "policy": "{\"Version\":\"2012-10-17\",\"Statement\":[{\"Action\":[\"logs:CreateLogGroup\",\"logs:CreateLogStream\",\"logs:PutLogEvents\"],\"Effect\":\"Allow\",\"Resource\":[\"arn:aws:logs:eu-central-1:284133227917:log-group:/aws/codebuild/StreamingExplorer\",\"arn:aws:logs:eu-central-1:284133227917:log-group:/aws/codebuild/StreamingExplorer:*\"]},{\"Action\":[\"ecr:GetAuthorizationToken\",\"ecr:BatchCheckLayerAvailability\",\"ecr:CompleteLayerUpload\",\"ecr:InitiateLayerUpload\",\"ecr:PutImage\",\"ecr:UploadLayerPart\"],\"Effect\":\"Allow\",\"Resource\":[\"arn:aws:ecr:eu-central-1:284133227917:repository/streaming-explorer-backend-repo\",\"arn:aws:ecr:eu-central-1:284133227917:repository/streaming-explorer-frontend-repo\"]},{\"Action\":[\"s3:PutObject\",\"s3:GetObject\",\"s3:GetObjectVersion\",\"s3:GetBucketAcl\",\"s3:GetBucketLocation\"],\"Effect\":\"Allow\",\"Resource\":\"arn:aws:s3:::codepipeline-eu-central-1-*\"},{\"Action\":[\"codebuild:CreateReportGroup\",\"codebuild:CreateReport\",\"codebuild:UpdateReport\",\"codebuild:BatchPutTestCases\",\"codebuild:BatchPutCodeCoverages\"],\"Effect\":\"Allow\",\"Resource\":\"arn:aws:codebuild:eu-central-1:284133227917:report-group/StreamingExplorer-*\"},{\"Action\":\"secretsmanager:GetSecretValue\",\"Effect\":\"Allow\",\"Resource\":\"arn:aws:secretsmanager:eu-central-1:284133227917:secret:github_token-*\",\"Sid\":\"SecretsManagerAccess\"},{\"Action\":[\"codestar:*\",\"codestar-connections:*\"],\"Effect\":\"Allow\",\"Resource\":\"*\",\"Sid\":\"GitHubAccess\"}]}",
            "role": "StreamingExplorer-codebuild-role"
          },
          "sensitive_attributes": [],
          "identity_schema_version": 0,
          "private": "bnVsbA==",
          "dependencies": [
            "aws_ecr_repository.backend_ecr_repo",
            "aws_ecr_repository.frontend_ecr_repo",
            "aws_iam_role.codebuild_role",
            "data.aws_caller_identity.current"
          ]
        }
      ]
    }
  ],
  "check_results": null
}
